
Microsoft Visual Studio Solution File, Format Version 12.00
# Visual Studio Version 17
VisualStudioVersion = 17.0.32126.317
MinimumVisualStudioVersion = 10.0.40219.1
Project("{FAE04EC0-301F-11D3-BF4B-00C04F79EFBC}") = "Syringe", "Syringe\Syringe.csproj", "{5EB16A47-DF90-4995-A5F5-30A6BCAC748E}"
EndProject
Global
	GlobalSection(SolutionConfigurationPlatforms) = preSolution
		Debug|Any CPU = Debug|Any CPU
		Release|Any CPU = Release|Any CPU
	EndGlobalSection
	GlobalSection(ProjectConfigurationPlatforms) = postSolution
		{5EB16A47-DF90-4995-A5F5-30A6BCAC748E}.Debug|Any CPU.ActiveCfg = Debug|Any CPU
		{5EB16A47-DF90-4995-A5F5-30A6BCAC748E}.Debug|Any CPU.Build.0 = Debug|Any CPU
		{5EB16A47-DF90-4995-A5F5-30A6BCAC748E}.Release|Any CPU.ActiveCfg = Release|Any CPU
		{5EB16A47-DF90-4995-A5F5-30A6BCAC748E}.Release|Any CPU.Build.0 = Release|Any CPU
	EndGlobalSection
	GlobalSection(SolutionProperties) = preSolution
		HideSolutionNode = FALSE
	EndGlobalSection
	GlobalSection(ExtensibilityGlobals) = postSolution
		SolutionGuid = {9855302E-8BED-47ED-9616-813C6C3019B9}
	EndGlobalSection
EndGlobal
